
Microsoft Visual Studio Solution File, Format Version 12.00
# Visual Studio Version 17
VisualStudioVersion = 17.5.33516.290
MinimumVisualStudioVersion = 10.0.40219.1
Project("{FAE04EC0-301F-11D3-BF4B-00C04F79EFBC}") = "MorseCode", "MorseCode.csproj", "{A69DD01B-78E2-47C3-A792-B8C0074B216C}"
EndProject
Global
	GlobalSection(SolutionConfigurationPlatforms) = preSolution
		Debug|Any CPU = Debug|Any CPU
		Release|Any CPU = Release|Any CPU
	EndGlobalSection
	GlobalSection(ProjectConfigurationPlatforms) = postSolution
		{A69DD01B-78E2-47C3-A792-B8C0074B216C}.Debug|Any CPU.ActiveCfg = Debug|Any CPU
		{A69DD01B-78E2-47C3-A792-B8C0074B216C}.Debug|Any CPU.Build.0 = Debug|Any CPU
		{A69DD01B-78E2-47C3-A792-B8C0074B216C}.Release|Any CPU.ActiveCfg = Release|Any CPU
		{A69DD01B-78E2-47C3-A792-B8C0074B216C}.Release|Any CPU.Build.0 = Release|Any CPU
	EndGlobalSection
	GlobalSection(SolutionProperties) = preSolution
		HideSolutionNode = FALSE
	EndGlobalSection
	GlobalSection(ExtensibilityGlobals) = postSolution
		SolutionGuid = {2D4FC935-3461-4967-87AE-CC26FB42B1E7}
	EndGlobalSection
EndGlobal
